// !$*UTF8*$!
{
	archiveVersion = 1;
	classes = {
	};
	objectVersion = 56;
	objects = {

/* Begin PBXBuildFile section */
		8FE4AD122A200A5D0035BFB6 /* AppDelegate.swift in Sources */ = {isa = PBXBuildFile; fileRef = 8FE4AD112A200A5D0035BFB6 /* AppDelegate.swift */; };
		8FE4AD142A200A5D0035BFB6 /* SceneDelegate.swift in Sources */ = {isa = PBXBuildFile; fileRef = 8FE4AD132A200A5D0035BFB6 /* SceneDelegate.swift */; };
		8FE4AD162A200A5D0035BFB6 /* ViewController.swift in Sources */ = {isa = PBXBuildFile; fileRef = 8FE4AD152A200A5D0035BFB6 /* ViewController.swift */; };
		8FE4AD192A200A5D0035BFB6 /* Main.storyboard in Resources */ = {isa = PBXBuildFile; fileRef = 8FE4AD172A200A5D0035BFB6 /* Main.storyboard */; };
		8FE4AD1B2A200A5F0035BFB6 /* Assets.xcassets in Resources */ = {isa = PBXBuildFile; fileRef = 8FE4AD1A2A200A5F0035BFB6 /* Assets.xcassets */; };
		8FE4AD1E2A200A5F0035BFB6 /* LaunchScreen.storyboard in Resources */ = {isa = PBXBuildFile; fileRef = 8FE4AD1C2A200A5F0035BFB6 /* LaunchScreen.storyboard */; };
		8FE4AD292A200A600035BFB6 /* Single_View_AppTests.swift in Sources */ = {isa = PBXBuildFile; fileRef = 8FE4AD282A200A600035BFB6 /* Single_View_AppTests.swift */; };
		8FE4AD332A200A600035BFB6 /* Single_View_AppUITests.swift in Sources */ = {isa = PBXBuildFile; fileRef = 8FE4AD322A200A600035BFB6 /* Single_View_AppUITests.swift */; };
		8FE4AD352A200A600035BFB6 /* Single_View_AppUITestsLaunchTests.swift in Sources */ = {isa = PBXBuildFile; fileRef = 8FE4AD342A200A600035BFB6 /* Single_View_AppUITestsLaunchTests.swift */; };
/* End PBXBuildFile section */

/* Begin PBXContainerItemProxy section */
		8FE4AD252A200A600035BFB6 /* PBXContainerItemProxy */ = {
			isa = PBXContainerItemProxy;
			containerPortal = 8FE4AD062A200A5D0035BFB6 /* Project object */;
			proxyType = 1;
			remoteGlobalIDString = 8FE4AD0D2A200A5D0035BFB6;
			remoteInfo = "Single View App";
		};
		8FE4AD2F2A200A600035BFB6 /* PBXContainerItemProxy */ = {
			isa = PBXContainerItemProxy;
			containerPortal = 8FE4AD062A200A5D0035BFB6 /* Project object */;
			proxyType = 1;
			remoteGlobalIDString = 8FE4AD0D2A200A5D0035BFB6;
			remoteInfo = "Single View App";
		};
/* End PBXContainerItemProxy section */

/* Begin PBXFileReference section */
		8FE4AD0E2A200A5D0035BFB6 /* Single View App.app */ = {isa = PBXFileReference; explicitFileType = wrapper.application; includeInIndex = 0; path = "Single View App.app"; sourceTree = BUILT_PRODUCTS_DIR; };
		8FE4AD112A200A5D0035BFB6 /* AppDelegate.swift */ = {isa = PBXFileReference; lastKnownFileType = sourcecode.swift; path = AppDelegate.swift; sourceTree = "<group>"; };
		8FE4AD132A200A5D0035BFB6 /* SceneDelegate.swift */ = {isa = PBXFileReference; lastKnownFileType = sourcecode.swift; path = SceneDelegate.swift; sourceTree = "<group>"; };
		8FE4AD152A200A5D0035BFB6 /* ViewController.swift */ = {isa = PBXFileReference; lastKnownFileType = sourcecode.swift; path = ViewController.swift; sourceTree = "<group>"; };
		8FE4AD182A200A5D0035BFB6 /* Base */ = {isa = PBXFileReference; lastKnownFileType = file.storyboard; name = Base; path = Base.lproj/Main.storyboard; sourceTree = "<group>"; };
		8FE4AD1A2A200A5F0035BFB6 /* Assets.xcassets */ = {isa = PBXFileReference; lastKnownFileType = folder.assetcatalog; path = Assets.xcassets; sourceTree = "<group>"; };
		8FE4AD1D2A200A5F0035BFB6 /* Base */ = {isa = PBXFileReference; lastKnownFileType = file.storyboard; name = Base; path = Base.lproj/LaunchScreen.storyboard; sourceTree = "<group>"; };
		8FE4AD1F2A200A5F0035BFB6 /* Info.plist */ = {isa = PBXFileReference; lastKnownFileType = text.plist.xml; path = Info.plist; sourceTree = "<group>"; };
		8FE4AD242A200A600035BFB6 /* Single View AppTests.xctest */ = {isa = PBXFileReference; explicitFileType = wrapper.cfbundle; includeInIndex = 0; path = "Single View AppTests.xctest"; sourceTree = BUILT_PRODUCTS_DIR; };
		8FE4AD282A200A600035BFB6 /* Single_View_AppTests.swift */ = {isa = PBXFileReference; lastKnownFileType = sourcecode.swift; path = Single_View_AppTests.swift; sourceTree = "<group>"; };
		8FE4AD2E2A200A600035BFB6 /* Single View AppUITests.xctest */ = {isa = PBXFileReference; explicitFileType = wrapper.cfbundle; includeInIndex = 0; path = "Single View AppUITests.xctest"; sourceTree = BUILT_PRODUCTS_DIR; };
		8FE4AD322A200A600035BFB6 /* Single_View_AppUITests.swift */ = {isa = PBXFileReference; lastKnownFileType = sourcecode.swift; path = Single_View_AppUITests.swift; sourceTree = "<group>"; };
		8FE4AD342A200A600035BFB6 /* Single_View_AppUITestsLaunchTests.swift */ = {isa = PBXFileReference; lastKnownFileType = sourcecode.swift; path = Single_View_AppUITestsLaunchTests.swift; sourceTree = "<group>"; };
/* End PBXFileReference section */

/* Begin PBXFrameworksBuildPhase section */
		8FE4AD0B2A200A5D0035BFB6 /* Frameworks */ = {
			isa = PBXFrameworksBuildPhase;
			buildActionMask = 2147483647;
			files = (
			);
			runOnlyForDeploymentPostprocessing = 0;
		};
		8FE4AD212A200A600035BFB6 /* Frameworks */ = {
			isa = PBXFrameworksBuildPhase;
			buildActionMask = 2147483647;
			files = (
			);
			runOnlyForDeploymentPostprocessing = 0;
		};
		8FE4AD2B2A200A600035BFB6 /* Frameworks */ = {
			isa = PBXFrameworksBuildPhase;
			buildActionMask = 2147483647;
			files = (
			);
			runOnlyForDeploymentPostprocessing = 0;
		};
/* End PBXFrameworksBuildPhase section */

/* Begin PBXGroup section */
		8FE4AD052A200A5D0035BFB6 = {
			isa = PBXGroup;
			children = (
				8FE4AD102A200A5D0035BFB6 /* Single View App */,
				8FE4AD272A200A600035BFB6 /* Single View AppTests */,
				8FE4AD312A200A600035BFB6 /* Single View AppUITests */,
				8FE4AD0F2A200A5D0035BFB6 /* Products */,
			);
			sourceTree = "<group>";
		};
		8FE4AD0F2A200A5D0035BFB6 /* Products */ = {
			isa = PBXGroup;
			children = (
				8FE4AD0E2A200A5D0035BFB6 /* Single View App.app */,
				8FE4AD242A200A600035BFB6 /* Single View AppTests.xctest */,
				8FE4AD2E2A200A600035BFB6 /* Single View AppUITests.xctest */,
			);
			name = Products;
			sourceTree = "<group>";
		};
		8FE4AD102A200A5D0035BFB6 /* Single View App */ = {
			isa = PBXGroup;
			children = (
				8FE4AD112A200A5D0035BFB6 /* AppDelegate.swift */,
				8FE4AD132A200A5D0035BFB6 /* SceneDelegate.swift */,
				8FE4AD152A200A5D0035BFB6 /* ViewController.swift */,
				8FE4AD172A200A5D0035BFB6 /* Main.storyboard */,
				8FE4AD1A2A200A5F0035BFB6 /* Assets.xcassets */,
				8FE4AD1C2A200A5F0035BFB6 /* LaunchScreen.storyboard */,
				8FE4AD1F2A200A5F0035BFB6 /* Info.plist */,
			);
			path = "Single View App";
			sourceTree = "<group>";
		};
		8FE4AD272A200A600035BFB6 /* Single View AppTests */ = {
			isa = PBXGroup;
			children = (
				8FE4AD282A200A600035BFB6 /* Single_View_AppTests.swift */,
			);
			path = "Single View AppTests";
			sourceTree = "<group>";
		};
		8FE4AD312A200A600035BFB6 /* Single View AppUITests */ = {
			isa = PBXGroup;
			children = (
				8FE4AD322A200A600035BFB6 /* Single_View_AppUITests.swift */,
				8FE4AD342A200A600035BFB6 /* Single_View_AppUITestsLaunchTests.swift */,
			);
			path = "Single View AppUITests";
			sourceTree = "<group>";
		};
/* End PBXGroup section */

/* Begin PBXNativeTarget section */
		8FE4AD0D2A200A5D0035BFB6 /* Single View App */ = {
			isa = PBXNativeTarget;
			buildConfigurationList = 8FE4AD382A200A600035BFB6 /* Build configuration list for PBXNativeTarget "Single View App" */;
			buildPhases = (
				8FE4AD0A2A200A5D0035BFB6 /* Sources */,
				8FE4AD0B2A200A5D0035BFB6 /* Frameworks */,
				8FE4AD0C2A200A5D0035BFB6 /* Resources */,
			);
			buildRules = (
			);
			dependencies = (
			);
			name = "Single View App";
			productName = "Single View App";
			productReference = 8FE4AD0E2A200A5D0035BFB6 /* Single View App.app */;
			productType = "com.apple.product-type.application";
		};
		8FE4AD232A200A600035BFB6 /* Single View AppTests */ = {
			isa = PBXNativeTarget;
			buildConfigurationList = 8FE4AD3B2A200A600035BFB6 /* Build configuration list for PBXNativeTarget "Single View AppTests" */;
			buildPhases = (
				8FE4AD202A200A600035BFB6 /* Sources */,
				8FE4AD212A200A600035BFB6 /* Frameworks */,
				8FE4AD222A200A600035BFB6 /* Resources */,
			);
			buildRules = (
			);
			dependencies = (
				8FE4AD262A200A600035BFB6 /* PBXTargetDependency */,
			);
			name = "Single View AppTests";
			productName = "Single View AppTests";
			productReference = 8FE4AD242A200A600035BFB6 /* Single View AppTests.xctest */;
			productType = "com.apple.product-type.bundle.unit-test";
		};
		8FE4AD2D2A200A600035BFB6 /* Single View AppUITests */ = {
			isa = PBXNativeTarget;
			buildConfigurationList = 8FE4AD3E2A200A600035BFB6 /* Build configuration list for PBXNativeTarget "Single View AppUITests" */;
			buildPhases = (
				8FE4AD2A2A200A600035BFB6 /* Sources */,
				8FE4AD2B2A200A600035BFB6 /* Frameworks */,
				8FE4AD2C2A200A600035BFB6 /* Resources */,
			);
			buildRules = (
			);
			dependencies = (
				8FE4AD302A200A600035BFB6 /* PBXTargetDependency */,
			);
			name = "Single View AppUITests";
			productName = "Single View AppUITests";
			productReference = 8FE4AD2E2A200A600035BFB6 /* Single View AppUITests.xctest */;
			productType = "com.apple.product-type.bundle.ui-testing";
		};
/* End PBXNativeTarget section */

/* Begin PBXProject section */
		8FE4AD062A200A5D0035BFB6 /* Project object */ = {
			isa = PBXProject;
			attributes = {
				BuildIndependentTargetsInParallel = 1;
				LastSwiftUpdateCheck = 1420;
				LastUpgradeCheck = 1420;
				TargetAttributes = {
					8FE4AD0D2A200A5D0035BFB6 = {
						CreatedOnToolsVersion = 14.2;
					};
					8FE4AD232A200A600035BFB6 = {
						CreatedOnToolsVersion = 14.2;
						TestTargetID = 8FE4AD0D2A200A5D0035BFB6;
					};
					8FE4AD2D2A200A600035BFB6 = {
						CreatedOnToolsVersion = 14.2;
						TestTargetID = 8FE4AD0D2A200A5D0035BFB6;
					};
				};
			};
			buildConfigurationList = 8FE4AD092A200A5D0035BFB6 /* Build configuration list for PBXProject "Single View App" */;
			compatibilityVersion = "Xcode 14.0";
			developmentRegion = en;
			hasScannedForEncodings = 0;
			knownRegions = (
				en,
				Base,
			);
			mainGroup = 8FE4AD052A200A5D0035BFB6;
			productRefGroup = 8FE4AD0F2A200A5D0035BFB6 /* Products */;
			projectDirPath = "";
			projectRoot = "";
			targets = (
				8FE4AD0D2A200A5D0035BFB6 /* Single View App */,
				8FE4AD232A200A600035BFB6 /* Single View AppTests */,
				8FE4AD2D2A200A600035BFB6 /* Single View AppUITests */,
			);
		};
/* End PBXProject section */

/* Begin PBXResourcesBuildPhase section */
		8FE4AD0C2A200A5D0035BFB6 /* Resources */ = {
			isa = PBXResourcesBuildPhase;
			buildActionMask = 2147483647;
			files = (
				8FE4AD1E2A200A5F0035BFB6 /* LaunchScreen.storyboard in Resources */,
				8FE4AD1B2A200A5F0035BFB6 /* Assets.xcassets in Resources */,
				8FE4AD192A200A5D0035BFB6 /* Main.storyboard in Resources */,
			);
			runOnlyForDeploymentPostprocessing = 0;
		};
		8FE4AD222A200A600035BFB6 /* Resources */ = {
			isa = PBXResourcesBuildPhase;
			buildActionMask = 2147483647;
			files = (
			);
			runOnlyForDeploymentPostprocessing = 0;
		};
		8FE4AD2C2A200A600035BFB6 /* Resources */ = {
			isa = PBXResourcesBuildPhase;
			buildActionMask = 2147483647;
			files = (
			);
			runOnlyForDeploymentPostprocessing = 0;
		};
/* End PBXResourcesBuildPhase section */

/* Begin PBXSourcesBuildPhase section */
		8FE4AD0A2A200A5D0035BFB6 /* Sources */ = {
			isa = PBXSourcesBuildPhase;
			buildActionMask = 2147483647;
			files = (
				8FE4AD162A200A5D0035BFB6 /* ViewController.swift in Sources */,
				8FE4AD122A200A5D0035BFB6 /* AppDelegate.swift in Sources */,
				8FE4AD142A200A5D0035BFB6 /* SceneDelegate.swift in Sources */,
			);
			runOnlyForDeploymentPostprocessing = 0;
		};
		8FE4AD202A200A600035BFB6 /* Sources */ = {
			isa = PBXSourcesBuildPhase;
			buildActionMask = 2147483647;
			files = (
				8FE4AD292A200A600035BFB6 /* Single_View_AppTests.swift in Sources */,
			);
			runOnlyForDeploymentPostprocessing = 0;
		};
		8FE4AD2A2A200A600035BFB6 /* Sources */ = {
			isa = PBXSourcesBuildPhase;
			buildActionMask = 2147483647;
			files = (
				8FE4AD332A200A600035BFB6 /* Single_View_AppUITests.swift in Sources */,
				8FE4AD352A200A600035BFB6 /* Single_View_AppUITestsLaunchTests.swift in Sources */,
			);
			runOnlyForDeploymentPostprocessing = 0;
		};
/* End PBXSourcesBuildPhase section */

/* Begin PBXTargetDependency section */
		8FE4AD262A200A600035BFB6 /* PBXTargetDependency */ = {
			isa = PBXTargetDependency;
			target = 8FE4AD0D2A200A5D0035BFB6 /* Single View App */;
			targetProxy = 8FE4AD252A200A600035BFB6 /* PBXContainerItemProxy */;
		};
		8FE4AD302A200A600035BFB6 /* PBXTargetDependency */ = {
			isa = PBXTargetDependency;
			target = 8FE4AD0D2A200A5D0035BFB6 /* Single View App */;
			targetProxy = 8FE4AD2F2A200A600035BFB6 /* PBXContainerItemProxy */;
		};
/* End PBXTargetDependency section */

/* Begin PBXVariantGroup section */
		8FE4AD172A200A5D0035BFB6 /* Main.storyboard */ = {
			isa = PBXVariantGroup;
			children = (
				8FE4AD182A200A5D0035BFB6 /* Base */,
			);
			name = Main.storyboard;
			sourceTree = "<group>";
		};
		8FE4AD1C2A200A5F0035BFB6 /* LaunchScreen.storyboard */ = {
			isa = PBXVariantGroup;
			children = (
				8FE4AD1D2A200A5F0035BFB6 /* Base */,
			);
			name = LaunchScreen.storyboard;
			sourceTree = "<group>";
		};
/* End PBXVariantGroup section */

/* Begin XCBuildConfiguration section */
		8FE4AD362A200A600035BFB6 /* Debug */ = {
			isa = XCBuildConfiguration;
			buildSettings = {
				ALWAYS_SEARCH_USER_PATHS = NO;
				CLANG_ANALYZER_NONNULL = YES;
				CLANG_ANALYZER_NUMBER_OBJECT_CONVERSION = YES_AGGRESSIVE;
				CLANG_CXX_LANGUAGE_STANDARD = "gnu++20";
				CLANG_ENABLE_MODULES = YES;
				CLANG_ENABLE_OBJC_ARC = YES;
				CLANG_ENABLE_OBJC_WEAK = YES;
				CLANG_WARN_BLOCK_CAPTURE_AUTORELEASING = YES;
				CLANG_WARN_BOOL_CONVERSION = YES;
				CLANG_WARN_COMMA = YES;
				CLANG_WARN_CONSTANT_CONVERSION = YES;
				CLANG_WARN_DEPRECATED_OBJC_IMPLEMENTATIONS = YES;
				CLANG_WARN_DIRECT_OBJC_ISA_USAGE = YES_ERROR;
				CLANG_WARN_DOCUMENTATION_COMMENTS = YES;
				CLANG_WARN_EMPTY_BODY = YES;
				CLANG_WARN_ENUM_CONVERSION = YES;
				CLANG_WARN_INFINITE_RECURSION = YES;
				CLANG_WARN_INT_CONVERSION = YES;
				CLANG_WARN_NON_LITERAL_NULL_CONVERSION = YES;
				CLANG_WARN_OBJC_IMPLICIT_RETAIN_SELF = YES;
				CLANG_WARN_OBJC_LITERAL_CONVERSION = YES;
				CLANG_WARN_OBJC_ROOT_CLASS = YES_ERROR;
				CLANG_WARN_QUOTED_INCLUDE_IN_FRAMEWORK_HEADER = YES;
				CLANG_WARN_RANGE_LOOP_ANALYSIS = YES;
				CLANG_WARN_STRICT_PROTOTYPES = YES;
				CLANG_WARN_SUSPICIOUS_MOVE = YES;
				CLANG_WARN_UNGUARDED_AVAILABILITY = YES_AGGRESSIVE;
				CLANG_WARN_UNREACHABLE_CODE = YES;
				CLANG_WARN__DUPLICATE_METHOD_MATCH = YES;
				COPY_PHASE_STRIP = NO;
				DEBUG_INFORMATION_FORMAT = dwarf;
				ENABLE_STRICT_OBJC_MSGSEND = YES;
				ENABLE_TESTABILITY = YES;
				GCC_C_LANGUAGE_STANDARD = gnu11;
				GCC_DYNAMIC_NO_PIC = NO;
				GCC_NO_COMMON_BLOCKS = YES;
				GCC_OPTIMIZATION_LEVEL = 0;
				GCC_PREPROCESSOR_DEFINITIONS = (
					"DEBUG=1",
					"$(inherited)",
				);
				GCC_WARN_64_TO_32_BIT_CONVERSION = YES;
				GCC_WARN_ABOUT_RETURN_TYPE = YES_ERROR;
				GCC_WARN_UNDECLARED_SELECTOR = YES;
				GCC_WARN_UNINITIALIZED_AUTOS = YES_AGGRESSIVE;
				GCC_WARN_UNUSED_FUNCTION = YES;
				GCC_WARN_UNUSED_VARIABLE = YES;
				IPHONEOS_DEPLOYMENT_TARGET = 16.2;
				MTL_ENABLE_DEBUG_INFO = INCLUDE_SOURCE;
				MTL_FAST_MATH = YES;
				ONLY_ACTIVE_ARCH = YES;
				SDKROOT = iphoneos;
				SWIFT_ACTIVE_COMPILATION_CONDITIONS = DEBUG;
				SWIFT_OPTIMIZATION_LEVEL = "-Onone";
			};
			name = Debug;
		};
		8FE4AD372A200A600035BFB6 /* Release */ = {
			isa = XCBuildConfiguration;
			buildSettings = {
				ALWAYS_SEARCH_USER_PATHS = NO;
				CLANG_ANALYZER_NONNULL = YES;
				CLANG_ANALYZER_NUMBER_OBJECT_CONVERSION = YES_AGGRESSIVE;
				CLANG_CXX_LANGUAGE_STANDARD = "gnu++20";
				CLANG_ENABLE_MODULES = YES;
				CLANG_ENABLE_OBJC_ARC = YES;
				CLANG_ENABLE_OBJC_WEAK = YES;
				CLANG_WARN_BLOCK_CAPTURE_AUTORELEASING = YES;
				CLANG_WARN_BOOL_CONVERSION = YES;
				CLANG_WARN_COMMA = YES;
				CLANG_WARN_CONSTANT_CONVERSION = YES;
				CLANG_WARN_DEPRECATED_OBJC_IMPLEMENTATIONS = YES;
				CLANG_WARN_DIRECT_OBJC_ISA_USAGE = YES_ERROR;
				CLANG_WARN_DOCUMENTATION_COMMENTS = YES;
				CLANG_WARN_EMPTY_BODY = YES;
				CLANG_WARN_ENUM_CONVERSION = YES;
				CLANG_WARN_INFINITE_RECURSION = YES;
				CLANG_WARN_INT_CONVERSION = YES;
				CLANG_WARN_NON_LITERAL_NULL_CONVERSION = YES;
				CLANG_WARN_OBJC_IMPLICIT_RETAIN_SELF = YES;
				CLANG_WARN_OBJC_LITERAL_CONVERSION = YES;
				CLANG_WARN_OBJC_ROOT_CLASS = YES_ERROR;
				CLANG_WARN_QUOTED_INCLUDE_IN_FRAMEWORK_HEADER = YES;
				CLANG_WARN_RANGE_LOOP_ANALYSIS = YES;
				CLANG_WARN_STRICT_PROTOTYPES = YES;
				CLANG_WARN_SUSPICIOUS_MOVE = YES;
				CLANG_WARN_UNGUARDED_AVAILABILITY = YES_AGGRESSIVE;
				CLANG_WARN_UNREACHABLE_CODE = YES;
				CLANG_WARN__DUPLICATE_METHOD_MATCH = YES;
				COPY_PHASE_STRIP = NO;
				DEBUG_INFORMATION_FORMAT = "dwarf-with-dsym";
				ENABLE_NS_ASSERTIONS = NO;
				ENABLE_STRICT_OBJC_MSGSEND = YES;
				GCC_C_LANGUAGE_STANDARD = gnu11;
				GCC_NO_COMMON_BLOCKS = YES;
				GCC_WARN_64_TO_32_BIT_CONVERSION = YES;
				GCC_WARN_ABOUT_RETURN_TYPE = YES_ERROR;
				GCC_WARN_UNDECLARED_SELECTOR = YES;
				GCC_WARN_UNINITIALIZED_AUTOS = YES_AGGRESSIVE;
				GCC_WARN_UNUSED_FUNCTION = YES;
				GCC_WARN_UNUSED_VARIABLE = YES;
				IPHONEOS_DEPLOYMENT_TARGET = 16.2;
				MTL_ENABLE_DEBUG_INFO = NO;
				MTL_FAST_MATH = YES;
				SDKROOT = iphoneos;
				SWIFT_COMPILATION_MODE = wholemodule;
				SWIFT_OPTIMIZATION_LEVEL = "-O";
				VALIDATE_PRODUCT = YES;
			};
			name = Release;
		};
		8FE4AD392A200A600035BFB6 /* Debug */ = {
			isa = XCBuildConfiguration;
			buildSettings = {
				ASSETCATALOG_COMPILER_APPICON_NAME = AppIcon;
				ASSETCATALOG_COMPILER_GLOBAL_ACCENT_COLOR_NAME = AccentColor;
				CODE_SIGN_STYLE = Automatic;
				CURRENT_PROJECT_VERSION = 1;
				DEVELOPMENT_TEAM = ZJJ275SY3R;
				GENERATE_INFOPLIST_FILE = YES;
				INFOPLIST_FILE = "Single View App/Info.plist";
				INFOPLIST_KEY_UIApplicationSupportsIndirectInputEvents = YES;
				INFOPLIST_KEY_UILaunchStoryboardName = LaunchScreen;
				INFOPLIST_KEY_UIMainStoryboardFile = Main;
				INFOPLIST_KEY_UISupportedInterfaceOrientations_iPad = "UIInterfaceOrientationPortrait UIInterfaceOrientationPortraitUpsideDown UIInterfaceOrientationLandscapeLeft UIInterfaceOrientationLandscapeRight";
				INFOPLIST_KEY_UISupportedInterfaceOrientations_iPhone = "UIInterfaceOrientationPortrait UIInterfaceOrientationLandscapeLeft UIInterfaceOrientationLandscapeRight";
				LD_RUNPATH_SEARCH_PATHS = (
					"$(inherited)",
					"@executable_path/Frameworks",
				);
				MARKETING_VERSION = 1.0;
				PRODUCT_BUNDLE_IDENTIFIER = "com.mx.cristianpb.Single-View-App";
				PRODUCT_NAME = "$(TARGET_NAME)";
				SWIFT_EMIT_LOC_STRINGS = YES;
				SWIFT_VERSION = 5.0;
				TARGETED_DEVICE_FAMILY = "1,2";
			};
			name = Debug;
		};
		8FE4AD3A2A200A600035BFB6 /* Release */ = {
			isa = XCBuildConfiguration;
			buildSettings = {
				ASSETCATALOG_COMPILER_APPICON_NAME = AppIcon;
				ASSETCATALOG_COMPILER_GLOBAL_ACCENT_COLOR_NAME = AccentColor;
				CODE_SIGN_STYLE = Automatic;
				CURRENT_PROJECT_VERSION = 1;
				DEVELOPMENT_TEAM = ZJJ275SY3R;
				GENERATE_INFOPLIST_FILE = YES;
				INFOPLIST_FILE = "Single View App/Info.plist";
				INFOPLIST_KEY_UIApplicationSupportsIndirectInputEvents = YES;
				INFOPLIST_KEY_UILaunchStoryboardName = LaunchScreen;
				INFOPLIST_KEY_UIMainStoryboardFile = Main;
				INFOPLIST_KEY_UISupportedInterfaceOrientations_iPad = "UIInterfaceOrientationPortrait UIInterfaceOrientationPortraitUpsideDown UIInterfaceOrientationLandscapeLeft UIInterfaceOrientationLandscapeRight";
				INFOPLIST_KEY_UISupportedInterfaceOrientations_iPhone = "UIInterfaceOrientationPortrait UIInterfaceOrientationLandscapeLeft UIInterfaceOrientationLandscapeRight";
				LD_RUNPATH_SEARCH_PATHS = (
					"$(inherited)",
					"@executable_path/Frameworks",
				);
				MARKETING_VERSION = 1.0;
				PRODUCT_BUNDLE_IDENTIFIER = "com.mx.cristianpb.Single-View-App";
				PRODUCT_NAME = "$(TARGET_NAME)";
				SWIFT_EMIT_LOC_STRINGS = YES;
				SWIFT_VERSION = 5.0;
				TARGETED_DEVICE_FAMILY = "1,2";
			};
			name = Release;
		};
		8FE4AD3C2A200A600035BFB6 /* Debug */ = {
			isa = XCBuildConfiguration;
			buildSettings = {
				ALWAYS_EMBED_SWIFT_STANDARD_LIBRARIES = YES;
				BUNDLE_LOADER = "$(TEST_HOST)";
				CODE_SIGN_STYLE = Automatic;
				CURRENT_PROJECT_VERSION = 1;
				DEVELOPMENT_TEAM = ZJJ275SY3R;
				GENERATE_INFOPLIST_FILE = YES;
				IPHONEOS_DEPLOYMENT_TARGET = 16.2;
				MARKETING_VERSION = 1.0;
				PRODUCT_BUNDLE_IDENTIFIER = "com.mx.cristianpb.Single-View-AppTests";
				PRODUCT_NAME = "$(TARGET_NAME)";
				SWIFT_EMIT_LOC_STRINGS = NO;
				SWIFT_VERSION = 5.0;
				TARGETED_DEVICE_FAMILY = "1,2";
				TEST_HOST = "$(BUILT_PRODUCTS_DIR)/Single View App.app/$(BUNDLE_EXECUTABLE_FOLDER_PATH)/Single View App";
			};
			name = Debug;
		};
		8FE4AD3D2A200A600035BFB6 /* Release */ = {
			isa = XCBuildConfiguration;
			buildSettings = {
				ALWAYS_EMBED_SWIFT_STANDARD_LIBRARIES = YES;
				BUNDLE_LOADER = "$(TEST_HOST)";
				CODE_SIGN_STYLE = Automatic;
				CURRENT_PROJECT_VERSION = 1;
				DEVELOPMENT_TEAM = ZJJ275SY3R;
				GENERATE_INFOPLIST_FILE = YES;
				IPHONEOS_DEPLOYMENT_TARGET = 16.2;
				MARKETING_VERSION = 1.0;
				PRODUCT_BUNDLE_IDENTIFIER = "com.mx.cristianpb.Single-View-AppTests";
				PRODUCT_NAME = "$(TARGET_NAME)";
				SWIFT_EMIT_LOC_STRINGS = NO;
				SWIFT_VERSION = 5.0;
				TARGETED_DEVICE_FAMILY = "1,2";
				TEST_HOST = "$(BUILT_PRODUCTS_DIR)/Single View App.app/$(BUNDLE_EXECUTABLE_FOLDER_PATH)/Single View App";
			};
			name = Release;
		};
		8FE4AD3F2A200A600035BFB6 /* Debug */ = {
			isa = XCBuildConfiguration;
			buildSettings = {
				ALWAYS_EMBED_SWIFT_STANDARD_LIBRARIES = YES;
				CODE_SIGN_STYLE = Automatic;
				CURRENT_PROJECT_VERSION = 1;
				DEVELOPMENT_TEAM = ZJJ275SY3R;
				GENERATE_INFOPLIST_FILE = YES;
				MARKETING_VERSION = 1.0;
				PRODUCT_BUNDLE_IDENTIFIER = "com.mx.cristianpb.Single-View-AppUITests";
				PRODUCT_NAME = "$(TARGET_NAME)";
				SWIFT_EMIT_LOC_STRINGS = NO;
				SWIFT_VERSION = 5.0;
				TARGETED_DEVICE_FAMILY = "1,2";
				TEST_TARGET_NAME = "Single View App";
			};
			name = Debug;
		};
		8FE4AD402A200A600035BFB6 /* Release */ = {
			isa = XCBuildConfiguration;
			buildSettings = {
				ALWAYS_EMBED_SWIFT_STANDARD_LIBRARIES = YES;
				CODE_SIGN_STYLE = Automatic;
				CURRENT_PROJECT_VERSION = 1;
				DEVELOPMENT_TEAM = ZJJ275SY3R;
				GENERATE_INFOPLIST_FILE = YES;
				MARKETING_VERSION = 1.0;
				PRODUCT_BUNDLE_IDENTIFIER = "com.mx.cristianpb.Single-View-AppUITests";
				PRODUCT_NAME = "$(TARGET_NAME)";
				SWIFT_EMIT_LOC_STRINGS = NO;
				SWIFT_VERSION = 5.0;
				TARGETED_DEVICE_FAMILY = "1,2";
				TEST_TARGET_NAME = "Single View App";
			};
			name = Release;
		};
/* End XCBuildConfiguration section */

/* Begin XCConfigurationList section */
		8FE4AD092A200A5D0035BFB6 /* Build configuration list for PBXProject "Single View App" */ = {
			isa = XCConfigurationList;
			buildConfigurations = (
				8FE4AD362A200A600035BFB6 /* Debug */,
				8FE4AD372A200A600035BFB6 /* Release */,
			);
			defaultConfigurationIsVisible = 0;
			defaultConfigurationName = Release;
		};
		8FE4AD382A200A600035BFB6 /* Build configuration list for PBXNativeTarget "Single View App" */ = {
			isa = XCConfigurationList;
			buildConfigurations = (
				8FE4AD392A200A600035BFB6 /* Debug */,
				8FE4AD3A2A200A600035BFB6 /* Release */,
			);
			defaultConfigurationIsVisible = 0;
			defaultConfigurationName = Release;
		};
		8FE4AD3B2A200A600035BFB6 /* Build configuration list for PBXNativeTarget "Single View AppTests" */ = {
			isa = XCConfigurationList;
			buildConfigurations = (
				8FE4AD3C2A200A600035BFB6 /* Debug */,
				8FE4AD3D2A200A600035BFB6 /* Release */,
			);
			defaultConfigurationIsVisible = 0;
			defaultConfigurationName = Release;
		};
		8FE4AD3E2A200A600035BFB6 /* Build configuration list for PBXNativeTarget "Single View AppUITests" */ = {
			isa = XCConfigurationList;
			buildConfigurations = (
				8FE4AD3F2A200A600035BFB6 /* Debug */,
				8FE4AD402A200A600035BFB6 /* Release */,
			);
			defaultConfigurationIsVisible = 0;
			defaultConfigurationName = Release;
		};
/* End XCConfigurationList section */
	};
	rootObject = 8FE4AD062A200A5D0035BFB6 /* Project object */;
}
